
Microsoft Visual Studio Solution File, Format Version 12.00
# Visual Studio Version 17
VisualStudioVersion = 17.0.32126.317
MinimumVisualStudioVersion = 10.0.40219.1
Project("{9A19103F-16F7-4668-BE54-9A1E7A4F7556}") = "Project", "Project\Project.csproj", "{D3B51F5A-357A-4D5A-9F16-B4A79904D4B0}"
EndProject
Project("{FAE04EC0-301F-11D3-BF4B-00C04F79EFBC}") = "UnitTestsShop", "UnitTestsShop\UnitTestsShop.csproj", "{67D9E69B-7510-42D8-B8AA-5AD1F50E4211}"
EndProject
Global
	GlobalSection(SolutionConfigurationPlatforms) = preSolution
		Debug|Any CPU = Debug|Any CPU
		Release|Any CPU = Release|Any CPU
	EndGlobalSection
	GlobalSection(ProjectConfigurationPlatforms) = postSolution
		{D3B51F5A-357A-4D5A-9F16-B4A79904D4B0}.Debug|Any CPU.ActiveCfg = Debug|Any CPU
		{D3B51F5A-357A-4D5A-9F16-B4A79904D4B0}.Debug|Any CPU.Build.0 = Debug|Any CPU
		{D3B51F5A-357A-4D5A-9F16-B4A79904D4B0}.Release|Any CPU.ActiveCfg = Release|Any CPU
		{D3B51F5A-357A-4D5A-9F16-B4A79904D4B0}.Release|Any CPU.Build.0 = Release|Any CPU
		{67D9E69B-7510-42D8-B8AA-5AD1F50E4211}.Debug|Any CPU.ActiveCfg = Debug|Any CPU
		{67D9E69B-7510-42D8-B8AA-5AD1F50E4211}.Debug|Any CPU.Build.0 = Debug|Any CPU
		{67D9E69B-7510-42D8-B8AA-5AD1F50E4211}.Release|Any CPU.ActiveCfg = Release|Any CPU
		{67D9E69B-7510-42D8-B8AA-5AD1F50E4211}.Release|Any CPU.Build.0 = Release|Any CPU
	EndGlobalSection
	GlobalSection(SolutionProperties) = preSolution
		HideSolutionNode = FALSE
	EndGlobalSection
	GlobalSection(ExtensibilityGlobals) = postSolution
		SolutionGuid = {0FFCC419-8B24-464A-83A5-D62725DD88B7}
	EndGlobalSection
EndGlobal
